{
  "version": "4",
  "specifiers": {
    "jsr:@std/assert@*": "1.0.10",
    "jsr:@std/assert@^1.0.10": "1.0.10",
    "jsr:@std/assert@^1.0.7": "1.0.10",
    "jsr:@std/async@^1.0.9": "1.0.9",
    "jsr:@std/data-structures@^1.0.5": "1.0.5",
    "jsr:@std/encoding@*": "1.0.6",
    "jsr:@std/encoding@^1.0.5": "1.0.6",
    "jsr:@std/expect@*": "1.0.10",
    "jsr:@std/expect@^1.0.10": "1.0.10",
    "jsr:@std/fs@^1.0.8": "1.0.8",
    "jsr:@std/internal@^1.0.5": "1.0.5",
    "jsr:@std/path@^1.0.8": "1.0.8",
    "jsr:@std/testing@*": "1.0.8",
    "jsr:@std/testing@^1.0.8": "1.0.8",
    "npm:@faker-js/faker@^9.1.0": "9.3.0",
    "npm:@noble/curves@^1.7.0": "1.8.0",
    "npm:@noble/hashes@^1.5.0": "1.7.0",
    "npm:asn1.js@^5.4.1": "5.4.1",
    "npm:asn1js@*": "3.0.5",
    "npm:asn1js@^3.0.5": "3.0.5",
    "npm:i18n-iso-countries@^7.12.0": "7.13.0",
    "npm:jsrsasign@^11.1.0": "11.1.0",
    "npm:mina-credentials@~0.2.2": "0.2.7_o1js@2.2.0",
    "npm:mrz@^4.2.0": "4.2.1",
    "npm:o1js@*": "2.2.0",
    "npm:o1js@2": "2.2.0",
    "npm:pkijs@^3.2.4": "3.2.4"
  },
  "jsr": {
    "@std/assert@1.0.10": {
      "integrity": "59b5cbac5bd55459a19045d95cc7c2ff787b4f8527c0dd195078ff6f9481fbb3",
      "dependencies": [
        "jsr:@std/internal"
      ]
    },
    "@std/async@1.0.9": {
      "integrity": "c6472fd0623b3f3daae023cdf7ca5535e1b721dfbf376562c0c12b3fb4867f91"
    },
    "@std/data-structures@1.0.5": {
      "integrity": "86dd5c2d6365a6ad56e9103b3a877c5d5ade238c68ae463acfe0eb0e56d40783"
    },
    "@std/encoding@1.0.6": {
      "integrity": "ca87122c196e8831737d9547acf001766618e78cd8c33920776c7f5885546069"
    },
    "@std/expect@1.0.10": {
      "integrity": "7659b640447887cd1735f866962e10e434f12443b13595b149970c806e6f08db",
      "dependencies": [
        "jsr:@std/assert@^1.0.10",
        "jsr:@std/internal"
      ]
    },
    "@std/fs@1.0.8": {
      "integrity": "161c721b6f9400b8100a851b6f4061431c538b204bb76c501d02c508995cffe0",
      "dependencies": [
        "jsr:@std/path"
      ]
    },
    "@std/internal@1.0.5": {
      "integrity": "54a546004f769c1ac9e025abd15a76b6671ddc9687e2313b67376125650dc7ba"
    },
    "@std/path@1.0.8": {
      "integrity": "548fa456bb6a04d3c1a1e7477986b6cffbce95102d0bb447c67c4ee70e0364be"
    },
    "@std/testing@1.0.8": {
      "integrity": "ceef535808fb7568e91b0f8263599bd29b1c5603ffb0377227f00a8ca9fe42a2",
      "dependencies": [
        "jsr:@std/assert@^1.0.10",
        "jsr:@std/async",
        "jsr:@std/data-structures",
        "jsr:@std/fs",
        "jsr:@std/internal",
        "jsr:@std/path"
      ]
    }
  },
  "npm": {
    "@faker-js/faker@9.3.0": {
      "integrity": "sha512-r0tJ3ZOkMd9xsu3VRfqlFR6cz0V/jFYRswAIpC+m/DIfAUXq7g8N7wTAlhSANySXYGKzGryfDXwtwsY8TxEIDw=="
    },
    "@noble/curves@1.8.0": {
      "integrity": "sha512-j84kjAbzEnQHaSIhRPUmB3/eVXu2k3dKPl2LOrR8fSOIL+89U+7lV117EWHtq/GHM3ReGHM46iRBdZfpc4HRUQ==",
      "dependencies": [
        "@noble/hashes"
      ]
    },
    "@noble/hashes@1.7.0": {
      "integrity": "sha512-HXydb0DgzTpDPwbVeDGCG1gIu7X6+AuU6Zl6av/E/KG8LMsvPntvq+w17CHRpKBmN6Ybdrt1eP3k4cj8DJa78w=="
    },
    "asn1.js@5.4.1": {
      "integrity": "sha512-+I//4cYPccV8LdmBLiX8CYvf9Sp3vQsrqu2QNXRcrbiWvcx/UdlFiqUJJzxRQxgsZmvhXhn4cSKeSmoFjVdupA==",
      "dependencies": [
        "bn.js",
        "inherits",
        "minimalistic-assert",
        "safer-buffer"
      ]
    },
    "asn1js@3.0.5": {
      "integrity": "sha512-FVnvrKJwpt9LP2lAMl8qZswRNm3T4q9CON+bxldk2iwk3FFpuwhx2FfinyitizWHsVYyaY+y5JzDR0rCMV5yTQ==",
      "dependencies": [
        "pvtsutils",
        "pvutils",
        "tslib"
      ]
    },
    "blakejs@1.2.1": {
      "integrity": "sha512-QXUSXI3QVc/gJME0dBpXrag1kbzOqCjCX8/b54ntNyW6sjtoqxqRk3LTmXzaJoh71zMsDCjM+47jS7XiwN/+fQ=="
    },
    "bn.js@4.12.1": {
      "integrity": "sha512-k8TVBiPkPJT9uHLdOKfFpqcfprwBFOAAXXozRubr7R7PfIuKvQlzcI4M0pALeqXN09vdaMbUdUj+pass+uULAg=="
    },
    "bytestreamjs@2.0.1": {
      "integrity": "sha512-U1Z/ob71V/bXfVABvNr/Kumf5VyeQRBEm6Txb0PQ6S7V5GpBM3w4Cbqz/xPDicR5tN0uvDifng8C+5qECeGwyQ=="
    },
    "cachedir@2.4.0": {
      "integrity": "sha512-9EtFOZR8g22CL7BWjJ9BUx1+A/djkofnyW3aOXZORNW2kxoUpx2h+uN2cOqwPmFhnpVmxg+KW2OjOSgChTEvsQ=="
    },
    "diacritics@1.3.0": {
      "integrity": "sha512-wlwEkqcsaxvPJML+rDh/2iS824jbREk6DUMUKkEaSlxdYHeS43cClJtsWglvw2RfeXGm6ohKDqsXteJ5sP5enA=="
    },
    "i18n-iso-countries@7.13.0": {
      "integrity": "sha512-pVh4CjdgAHZswI98hzG+1BItQlsQfR+yGDsjDISoWIV/jHDAvCmSyZ5vj2YWwAjfVZ8/BhBDqWcFvuGOyHe4vg==",
      "dependencies": [
        "diacritics"
      ]
    },
    "inherits@2.0.4": {
      "integrity": "sha512-k/vGaX4/Yla3WzyMCvTQOXYeIHvqOKtnqBduzTHpzpQZzAskKMhZ2K+EnBiSM9zGSoIFeMpXKxa4dYeZIQqewQ=="
    },
    "isomorphic-fetch@3.0.0": {
      "integrity": "sha512-qvUtwJ3j6qwsF3jLxkZ72qCgjMysPzDfeV240JHiGZsANBYd+EEuu35v7dfrJ9Up0Ak07D7GGSkGhCHTqg/5wA==",
      "dependencies": [
        "node-fetch",
        "whatwg-fetch"
      ]
    },
    "js-sha256@0.9.0": {
      "integrity": "sha512-sga3MHh9sgQN2+pJ9VYZ+1LPwXOxuBJBA5nrR5/ofPfuiJBE2hnjsaN8se8JznOmGLN2p49Pe5U/ttafcs/apA=="
    },
    "jsrsasign@11.1.0": {
      "integrity": "sha512-Ov74K9GihaK9/9WncTe1mPmvrO7Py665TUfUKvraXBpu+xcTWitrtuOwcjf4KMU9maPaYn0OuaWy0HOzy/GBXg=="
    },
    "mina-credentials@0.2.7_o1js@2.2.0": {
      "integrity": "sha512-iFAE/O01xJ/AeAFdR3AK2Oe2HoaFfKVGcLBqaiQDyzLnmcjbMPT1swe/eGQ0+dn7g7o70eAQw4EqAOgGFX9p/w==",
      "dependencies": [
        "o1js"
      ]
    },
    "minimalistic-assert@1.0.1": {
      "integrity": "sha512-UtJcAD4yEaGtjPezWuO9wC4nwUnVH/8/Im3yEHQP4b67cXlD/Qr9hdITCU1xDbSEXg2XKNaP8jsReV7vQd00/A=="
    },
    "mrz@4.2.1": {
      "integrity": "sha512-BM1PAHjw3DPQ0+Ub5yYlR4B+8CbEEC/8VC1xUazebBuJnfLDF2vNXysWSE02pU5o4JNDaLVvYyyHJ6Xut5H+EQ=="
    },
    "node-fetch@2.7.0": {
      "integrity": "sha512-c4FRfUm/dbcWZ7U+1Wq0AwCyFL+3nt2bEw05wfxSz+DWpWsitgmSgYmy2dQdWyKC1694ELPqMs/YzUSNozLt8A==",
      "dependencies": [
        "whatwg-url"
      ]
    },
    "o1js@2.2.0": {
      "integrity": "sha512-lR8vmBlvzz3h+tDUajZfC/zVM+yKyrJFoIa57nED7F8WRfCGZHHy5lUpaUgHwVsC3ZE+aRaFtj2B2IzYyJu1AQ==",
      "dependencies": [
        "blakejs",
        "cachedir",
        "isomorphic-fetch",
        "js-sha256",
        "reflect-metadata",
        "tslib"
      ]
    },
    "pkijs@3.2.4": {
      "integrity": "sha512-Et9V5QpvBilPFgagJcaKBqXjKrrgF5JL2mSDELk1vvbOTt4fuBhSSsGn9Tcz0TQTfS5GCpXQ31Whrpqeqp0VRg==",
      "dependencies": [
        "@noble/hashes",
        "asn1js",
        "bytestreamjs",
        "pvtsutils",
        "pvutils",
        "tslib"
      ]
    },
    "pvtsutils@1.3.6": {
      "integrity": "sha512-PLgQXQ6H2FWCaeRak8vvk1GW462lMxB5s3Jm673N82zI4vqtVUPuZdffdZbPDFRoU8kAhItWFtPCWiPpp4/EDg==",
      "dependencies": [
        "tslib"
      ]
    },
    "pvutils@1.1.3": {
      "integrity": "sha512-pMpnA0qRdFp32b1sJl1wOJNxZLQ2cbQx+k6tjNtZ8CpvVhNqEPRgivZ2WOUev2YMajecdH7ctUPDvEe87nariQ=="
    },
    "reflect-metadata@0.1.14": {
      "integrity": "sha512-ZhYeb6nRaXCfhnndflDK8qI6ZQ/YcWZCISRAWICW9XYqMUwjZM9Z0DveWX/ABN01oxSHwVxKQmxeYZSsm0jh5A=="
    },
    "safer-buffer@2.1.2": {
      "integrity": "sha512-YZo3K82SD7Riyi0E1EQPojLz7kpepnSQI9IyPbHHg1XXXevb5dJI7tpyN2ADxGcQbHG7vcyRHk0cbwqcQriUtg=="
    },
    "tr46@0.0.3": {
      "integrity": "sha512-N3WMsuqV66lT30CrXNbEjx4GEwlow3v6rr4mCcv6prnfwhS01rkgyFdjPNBYd9br7LpXV1+Emh01fHnq2Gdgrw=="
    },
    "tslib@2.8.1": {
      "integrity": "sha512-oJFu94HQb+KVduSUQL7wnpmqnfmLsOA/nAh6b6EH0wCEoK0/mPeXU6c3wKDV83MkOuHPRHtSXKKU99IBazS/2w=="
    },
    "webidl-conversions@3.0.1": {
      "integrity": "sha512-2JAn3z8AR6rjK8Sm8orRC0h/bcl/DqL7tRPdGZ4I1CjdF+EaMLmYxBHyXuKL849eucPFhvBoxMsflfOb8kxaeQ=="
    },
    "whatwg-fetch@3.6.20": {
      "integrity": "sha512-EqhiFU6daOA8kpjOWTL0olhVOF3i7OrFzSYiGsEMB8GcXS+RrzauAERX65xMeNWVqxA6HXH2m69Z9LaKKdisfg=="
    },
    "whatwg-url@5.0.0": {
      "integrity": "sha512-saE57nupxk6v3HY35+jzBwYa0rKSy0XR8JSxZPwgLr7ys0IBzhGviA1/TUGJLmSVqs8pb9AnvICXEuOHLprYTw==",
      "dependencies": [
        "tr46",
        "webidl-conversions"
      ]
    }
  },
  "workspace": {
    "dependencies": [
      "jsr:@std/assert@^1.0.7",
      "jsr:@std/encoding@^1.0.5",
      "jsr:@std/expect@^1.0.10",
      "jsr:@std/testing@^1.0.8",
      "npm:@faker-js/faker@^9.1.0",
      "npm:@noble/curves@^1.7.0",
      "npm:@noble/hashes@^1.5.0",
      "npm:asn1.js@^5.4.1",
      "npm:asn1js@^3.0.5",
      "npm:i18n-iso-countries@^7.12.0",
      "npm:jsrsasign@^11.1.0",
      "npm:mina-credentials@~0.2.2",
      "npm:mrz@^4.2.0",
      "npm:o1js@2",
      "npm:pkijs@^3.2.4"
    ]
  }
}
